
Microsoft Visual Studio Solution File, Format Version 12.00
# Visual Studio Version 17
VisualStudioVersion = 17.7.34031.279
MinimumVisualStudioVersion = 10.0.40219.1
Project("{FAE04EC0-301F-11D3-BF4B-00C04F79EFBC}") = "Scrum", "Scrum.csproj", "{3E7FAD36-C471-470B-8198-E1EB8918A401}"
EndProject
Global
	GlobalSection(SolutionConfigurationPlatforms) = preSolution
		Debug|Any CPU = Debug|Any CPU
		Release|Any CPU = Release|Any CPU
	EndGlobalSection
	GlobalSection(ProjectConfigurationPlatforms) = postSolution
		{3E7FAD36-C471-470B-8198-E1EB8918A401}.Debug|Any CPU.ActiveCfg = Debug|Any CPU
		{3E7FAD36-C471-470B-8198-E1EB8918A401}.Debug|Any CPU.Build.0 = Debug|Any CPU
		{3E7FAD36-C471-470B-8198-E1EB8918A401}.Release|Any CPU.ActiveCfg = Release|Any CPU
		{3E7FAD36-C471-470B-8198-E1EB8918A401}.Release|Any CPU.Build.0 = Release|Any CPU
	EndGlobalSection
	GlobalSection(SolutionProperties) = preSolution
		HideSolutionNode = FALSE
	EndGlobalSection
	GlobalSection(ExtensibilityGlobals) = postSolution
		SolutionGuid = {B22846E7-9670-42E8-833C-6F83B6E7BEDA}
	EndGlobalSection
EndGlobal
